// !$*UTF8*$!
{
	archiveVersion = 1;
	classes = {
	};
	objectVersion = 48;
	objects = {

/* Begin PBXBuildFile section */
		0718D7561F4591F5000956E8 /* TimerController.swift in Sources */ = {isa = PBXBuildFile; fileRef = 0718D7551F4591F5000956E8 /* TimerController.swift */; };
		075860D11F41908300E974F8 /* PageContainerView.swift in Sources */ = {isa = PBXBuildFile; fileRef = 075860D01F41908300E974F8 /* PageContainerView.swift */; };
		07671BAA1F3F722100DD4E24 /* Badge.swift in Sources */ = {isa = PBXBuildFile; fileRef = 07671BA91F3F722100DD4E24 /* Badge.swift */; };
		07671BAC1F3F731600DD4E24 /* Reward.swift in Sources */ = {isa = PBXBuildFile; fileRef = 07671BAB1F3F731600DD4E24 /* Reward.swift */; };
		07671BAE1F3F73B700DD4E24 /* BadgeUser.swift in Sources */ = {isa = PBXBuildFile; fileRef = 07671BAD1F3F73B700DD4E24 /* BadgeUser.swift */; };
		07671BB01F3F746100DD4E24 /* HealthInfo.swift in Sources */ = {isa = PBXBuildFile; fileRef = 07671BAF1F3F746100DD4E24 /* HealthInfo.swift */; };
		07671BB21F3F749B00DD4E24 /* Smoke.swift in Sources */ = {isa = PBXBuildFile; fileRef = 07671BB11F3F749B00DD4E24 /* Smoke.swift */; };
		07671BB61F3F750A00DD4E24 /* Setting.swift in Sources */ = {isa = PBXBuildFile; fileRef = 07671BB51F3F750A00DD4E24 /* Setting.swift */; };
		07671BB81F3F75DF00DD4E24 /* Memo.swift in Sources */ = {isa = PBXBuildFile; fileRef = 07671BB71F3F75DF00DD4E24 /* Memo.swift */; };
		07671BBA1F3F769500DD4E24 /* UserStore.swift in Sources */ = {isa = PBXBuildFile; fileRef = 07671BB91F3F769500DD4E24 /* UserStore.swift */; };
		07671BBC1F3F797300DD4E24 /* DataController.swift in Sources */ = {isa = PBXBuildFile; fileRef = 07671BBB1F3F797300DD4E24 /* DataController.swift */; };
		076B7AA11F42FC6A00C68F05 /* BadgeViewController.swift in Sources */ = {isa = PBXBuildFile; fileRef = 076B7AA01F42FC6900C68F05 /* BadgeViewController.swift */; };
		076B7AA31F42FD2900C68F05 /* RewardViewController.swift in Sources */ = {isa = PBXBuildFile; fileRef = 076B7AA21F42FD2900C68F05 /* RewardViewController.swift */; };
		076C2EF31F402FC100579914 /* RewardStore.swift in Sources */ = {isa = PBXBuildFile; fileRef = 076C2EF21F402FC100579914 /* RewardStore.swift */; };
		076C2EF51F40332A00579914 /* BadgeStore.swift in Sources */ = {isa = PBXBuildFile; fileRef = 076C2EF41F40332A00579914 /* BadgeStore.swift */; };
		076C2EF71F4033C100579914 /* HealthInfoStore.swift in Sources */ = {isa = PBXBuildFile; fileRef = 076C2EF61F4033C100579914 /* HealthInfoStore.swift */; };
		076C2EF91F403D4C00579914 /* SmokeStore.swift in Sources */ = {isa = PBXBuildFile; fileRef = 076C2EF81F403D4C00579914 /* SmokeStore.swift */; };
		076C2EFB1F4045C800579914 /* MemoStore.swift in Sources */ = {isa = PBXBuildFile; fileRef = 076C2EFA1F4045C800579914 /* MemoStore.swift */; };
		076C2EFD1F404B4200579914 /* SettingStore.swift in Sources */ = {isa = PBXBuildFile; fileRef = 076C2EFC1F404B4200579914 /* SettingStore.swift */; };
		076C2EFF1F4053AD00579914 /* WelcomeViewController.swift in Sources */ = {isa = PBXBuildFile; fileRef = 076C2EFE1F4053AD00579914 /* WelcomeViewController.swift */; };
		076C2F011F4053C100579914 /* CanYouAnimationViewController.swift in Sources */ = {isa = PBXBuildFile; fileRef = 076C2F001F4053C100579914 /* CanYouAnimationViewController.swift */; };
		076C2F031F4053FB00579914 /* CigaretteDailyViewController.swift in Sources */ = {isa = PBXBuildFile; fileRef = 076C2F021F4053FB00579914 /* CigaretteDailyViewController.swift */; };
		076C2F051F40543800579914 /* SettingTableViewController.swift in Sources */ = {isa = PBXBuildFile; fileRef = 076C2F041F40543800579914 /* SettingTableViewController.swift */; };
		07764A511F45F5380086105F /* DashBoardInterfaceController.swift in Sources */ = {isa = PBXBuildFile; fileRef = 07764A4F1F45F5340086105F /* DashBoardInterfaceController.swift */; };
		07783FC81F47329F0081FB17 /* BadgeDetailViewController.swift in Sources */ = {isa = PBXBuildFile; fileRef = 07783FC71F47329F0081FB17 /* BadgeDetailViewController.swift */; };
		07783FCA1F4732E30081FB17 /* RewardDetailViewController.swift in Sources */ = {isa = PBXBuildFile; fileRef = 07783FC91F4732E30081FB17 /* RewardDetailViewController.swift */; };
		077E8ECE1F4562550057DDC3 /* Interface.storyboard in Resources */ = {isa = PBXBuildFile; fileRef = 077E8ECC1F4562550057DDC3 /* Interface.storyboard */; };
		077E8ED01F4562550057DDC3 /* Assets.xcassets in Resources */ = {isa = PBXBuildFile; fileRef = 077E8ECF1F4562550057DDC3 /* Assets.xcassets */; };
		077E8ED71F4562560057DDC3 /* CanYouWatch Extension.appex in Embed App Extensions */ = {isa = PBXBuildFile; fileRef = 077E8ED61F4562560057DDC3 /* CanYouWatch Extension.appex */; settings = {ATTRIBUTES = (RemoveHeadersOnCopy, ); }; };
		077E8EDC1F4562560057DDC3 /* StopWatchInterfaceController.swift in Sources */ = {isa = PBXBuildFile; fileRef = 077E8EDB1F4562560057DDC3 /* StopWatchInterfaceController.swift */; };
		077E8EDE1F4562560057DDC3 /* ExtensionDelegate.swift in Sources */ = {isa = PBXBuildFile; fileRef = 077E8EDD1F4562560057DDC3 /* ExtensionDelegate.swift */; };
		077E8EE01F4562560057DDC3 /* NotificationController.swift in Sources */ = {isa = PBXBuildFile; fileRef = 077E8EDF1F4562560057DDC3 /* NotificationController.swift */; };
		077E8EE21F4562560057DDC3 /* Assets.xcassets in Resources */ = {isa = PBXBuildFile; fileRef = 077E8EE11F4562560057DDC3 /* Assets.xcassets */; };
		077E8EE71F4562560057DDC3 /* CanYouWatch.app in Embed Watch Content */ = {isa = PBXBuildFile; fileRef = 077E8ECA1F4562550057DDC3 /* CanYouWatch.app */; };
		077EEB0D1F3F070900555921 /* User.swift in Sources */ = {isa = PBXBuildFile; fileRef = 077EEB0C1F3F070900555921 /* User.swift */; };
		07A35BE51F405BCB00482782 /* DashBoardViewController.swift in Sources */ = {isa = PBXBuildFile; fileRef = 07A35BE41F405BCB00482782 /* DashBoardViewController.swift */; };
		07A3692A1F41D110000E2152 /* RootContainerViewController.swift in Sources */ = {isa = PBXBuildFile; fileRef = 07A369291F41D110000E2152 /* RootContainerViewController.swift */; };
		07AEE9031F3C42C300D20151 /* AppDelegate.swift in Sources */ = {isa = PBXBuildFile; fileRef = 07AEE9021F3C42C300D20151 /* AppDelegate.swift */; };
		07AEE9081F3C42C300D20151 /* Main.storyboard in Resources */ = {isa = PBXBuildFile; fileRef = 07AEE9061F3C42C300D20151 /* Main.storyboard */; };
		07AEE90B1F3C42C300D20151 /* CanYou.xcdatamodeld in Sources */ = {isa = PBXBuildFile; fileRef = 07AEE9091F3C42C300D20151 /* CanYou.xcdatamodeld */; };
		07AEE90D1F3C42C300D20151 /* Assets.xcassets in Resources */ = {isa = PBXBuildFile; fileRef = 07AEE90C1F3C42C300D20151 /* Assets.xcassets */; };
		07AEE9101F3C42C300D20151 /* LaunchScreen.storyboard in Resources */ = {isa = PBXBuildFile; fileRef = 07AEE90E1F3C42C300D20151 /* LaunchScreen.storyboard */; };
		07AEE91B1F3C42C300D20151 /* CanYouTests.swift in Sources */ = {isa = PBXBuildFile; fileRef = 07AEE91A1F3C42C300D20151 /* CanYouTests.swift */; };
		07AEE9261F3C42C300D20151 /* CanYouUITests.swift in Sources */ = {isa = PBXBuildFile; fileRef = 07AEE9251F3C42C300D20151 /* CanYouUITests.swift */; };
		07D0C3931F48EB1400FE64EC /* BadgeTableViewCell.swift in Sources */ = {isa = PBXBuildFile; fileRef = 07D0C3921F48EB1400FE64EC /* BadgeTableViewCell.swift */; };
		07DB35371F48F445007E9515 /* RewardTableViewCell.swift in Sources */ = {isa = PBXBuildFile; fileRef = 07DB35361F48F445007E9515 /* RewardTableViewCell.swift */; };
		07DB353A1F48FBBB007E9515 /* PlusTableViewCell.swift in Sources */ = {isa = PBXBuildFile; fileRef = 07DB35381F48FBBB007E9515 /* PlusTableViewCell.swift */; };
		07E4FE151F48FB9700F2946C /* Test in Resources */ = {isa = PBXBuildFile; fileRef = 07E4FE141F48FB9600F2946C /* Test */; };
		735E64F5C8A60F123E41F5BC /* Pods_CanYou.framework in Frameworks */ = {isa = PBXBuildFile; fileRef = A68EC1597700C0C088E5E9FE /* Pods_CanYou.framework */; };
		C78FDA625A8333DE631DCB54 /* Pods_CanYouUITests.framework in Frameworks */ = {isa = PBXBuildFile; fileRef = 8E59EA89B007D083A911E394 /* Pods_CanYouUITests.framework */; };
		E87BC8024917941DA61B00F4 /* Pods_CanYouTests.framework in Frameworks */ = {isa = PBXBuildFile; fileRef = 6C6106EE8B9374A6041525E8 /* Pods_CanYouTests.framework */; };
/* End PBXBuildFile section */

/* Begin PBXContainerItemProxy section */
		077E8ED81F4562560057DDC3 /* PBXContainerItemProxy */ = {
			isa = PBXContainerItemProxy;
			containerPortal = 07AEE8F71F3C42C200D20151 /* Project object */;
			proxyType = 1;
			remoteGlobalIDString = 077E8ED51F4562560057DDC3;
			remoteInfo = "CanYouWatch Extension";
		};
		077E8EE51F4562560057DDC3 /* PBXContainerItemProxy */ = {
			isa = PBXContainerItemProxy;
			containerPortal = 07AEE8F71F3C42C200D20151 /* Project object */;
			proxyType = 1;
			remoteGlobalIDString = 077E8EC91F4562550057DDC3;
			remoteInfo = CanYouWatch;
		};
		07AEE9171F3C42C300D20151 /* PBXContainerItemProxy */ = {
			isa = PBXContainerItemProxy;
			containerPortal = 07AEE8F71F3C42C200D20151 /* Project object */;
			proxyType = 1;
			remoteGlobalIDString = 07AEE8FE1F3C42C300D20151;
			remoteInfo = CanYou;
		};
		07AEE9221F3C42C300D20151 /* PBXContainerItemProxy */ = {
			isa = PBXContainerItemProxy;
			containerPortal = 07AEE8F71F3C42C200D20151 /* Project object */;
			proxyType = 1;
			remoteGlobalIDString = 07AEE8FE1F3C42C300D20151;
			remoteInfo = CanYou;
		};
/* End PBXContainerItemProxy section */

/* Begin PBXCopyFilesBuildPhase section */
		077E8EED1F4562560057DDC3 /* Embed App Extensions */ = {
			isa = PBXCopyFilesBuildPhase;
			buildActionMask = 2147483647;
			dstPath = "";
			dstSubfolderSpec = 13;
			files = (
				077E8ED71F4562560057DDC3 /* CanYouWatch Extension.appex in Embed App Extensions */,
			);
			name = "Embed App Extensions";
			runOnlyForDeploymentPostprocessing = 0;
		};
		077E8EEF1F4562560057DDC3 /* Embed Watch Content */ = {
			isa = PBXCopyFilesBuildPhase;
			buildActionMask = 2147483647;
			dstPath = "$(CONTENTS_FOLDER_PATH)/Watch";
			dstSubfolderSpec = 16;
			files = (
				077E8EE71F4562560057DDC3 /* CanYouWatch.app in Embed Watch Content */,
			);
			name = "Embed Watch Content";
			runOnlyForDeploymentPostprocessing = 0;
		};
/* End PBXCopyFilesBuildPhase section */

/* Begin PBXFileReference section */
		0718D7551F4591F5000956E8 /* TimerController.swift */ = {isa = PBXFileReference; lastKnownFileType = sourcecode.swift; path = TimerController.swift; sourceTree = "<group>"; };
		075860D01F41908300E974F8 /* PageContainerView.swift */ = {isa = PBXFileReference; lastKnownFileType = sourcecode.swift; path = PageContainerView.swift; sourceTree = "<group>"; };
		07671BA91F3F722100DD4E24 /* Badge.swift */ = {isa = PBXFileReference; lastKnownFileType = sourcecode.swift; path = Badge.swift; sourceTree = "<group>"; };
		07671BAB1F3F731600DD4E24 /* Reward.swift */ = {isa = PBXFileReference; lastKnownFileType = sourcecode.swift; path = Reward.swift; sourceTree = "<group>"; };
		07671BAD1F3F73B700DD4E24 /* BadgeUser.swift */ = {isa = PBXFileReference; lastKnownFileType = sourcecode.swift; path = BadgeUser.swift; sourceTree = "<group>"; };
		07671BAF1F3F746100DD4E24 /* HealthInfo.swift */ = {isa = PBXFileReference; lastKnownFileType = sourcecode.swift; path = HealthInfo.swift; sourceTree = "<group>"; };
		07671BB11F3F749B00DD4E24 /* Smoke.swift */ = {isa = PBXFileReference; lastKnownFileType = sourcecode.swift; path = Smoke.swift; sourceTree = "<group>"; };
		07671BB51F3F750A00DD4E24 /* Setting.swift */ = {isa = PBXFileReference; lastKnownFileType = sourcecode.swift; path = Setting.swift; sourceTree = "<group>"; };
		07671BB71F3F75DF00DD4E24 /* Memo.swift */ = {isa = PBXFileReference; lastKnownFileType = sourcecode.swift; path = Memo.swift; sourceTree = "<group>"; };
		07671BB91F3F769500DD4E24 /* UserStore.swift */ = {isa = PBXFileReference; lastKnownFileType = sourcecode.swift; path = UserStore.swift; sourceTree = "<group>"; };
		07671BBB1F3F797300DD4E24 /* DataController.swift */ = {isa = PBXFileReference; lastKnownFileType = sourcecode.swift; path = DataController.swift; sourceTree = "<group>"; };
		076B7AA01F42FC6900C68F05 /* BadgeViewController.swift */ = {isa = PBXFileReference; lastKnownFileType = sourcecode.swift; name = BadgeViewController.swift; path = CanYou/ViewController/BadgeViewController.swift; sourceTree = SOURCE_ROOT; };
		076B7AA21F42FD2900C68F05 /* RewardViewController.swift */ = {isa = PBXFileReference; lastKnownFileType = sourcecode.swift; path = RewardViewController.swift; sourceTree = "<group>"; };
		076C2EF21F402FC100579914 /* RewardStore.swift */ = {isa = PBXFileReference; lastKnownFileType = sourcecode.swift; path = RewardStore.swift; sourceTree = "<group>"; };
		076C2EF41F40332A00579914 /* BadgeStore.swift */ = {isa = PBXFileReference; lastKnownFileType = sourcecode.swift; path = BadgeStore.swift; sourceTree = "<group>"; };
		076C2EF61F4033C100579914 /* HealthInfoStore.swift */ = {isa = PBXFileReference; lastKnownFileType = sourcecode.swift; path = HealthInfoStore.swift; sourceTree = "<group>"; };
		076C2EF81F403D4C00579914 /* SmokeStore.swift */ = {isa = PBXFileReference; lastKnownFileType = sourcecode.swift; path = SmokeStore.swift; sourceTree = "<group>"; };
		076C2EFA1F4045C800579914 /* MemoStore.swift */ = {isa = PBXFileReference; lastKnownFileType = sourcecode.swift; path = MemoStore.swift; sourceTree = "<group>"; };
		076C2EFC1F404B4200579914 /* SettingStore.swift */ = {isa = PBXFileReference; lastKnownFileType = sourcecode.swift; path = SettingStore.swift; sourceTree = "<group>"; };
		076C2EFE1F4053AD00579914 /* WelcomeViewController.swift */ = {isa = PBXFileReference; lastKnownFileType = sourcecode.swift; path = WelcomeViewController.swift; sourceTree = "<group>"; };
		076C2F001F4053C100579914 /* CanYouAnimationViewController.swift */ = {isa = PBXFileReference; lastKnownFileType = sourcecode.swift; path = CanYouAnimationViewController.swift; sourceTree = "<group>"; };
		076C2F021F4053FB00579914 /* CigaretteDailyViewController.swift */ = {isa = PBXFileReference; lastKnownFileType = sourcecode.swift; path = CigaretteDailyViewController.swift; sourceTree = "<group>"; };
		076C2F041F40543800579914 /* SettingTableViewController.swift */ = {isa = PBXFileReference; lastKnownFileType = sourcecode.swift; path = SettingTableViewController.swift; sourceTree = "<group>"; };
		07764A4F1F45F5340086105F /* DashBoardInterfaceController.swift */ = {isa = PBXFileReference; lastKnownFileType = sourcecode.swift; path = DashBoardInterfaceController.swift; sourceTree = "<group>"; };
		07783FC71F47329F0081FB17 /* BadgeDetailViewController.swift */ = {isa = PBXFileReference; lastKnownFileType = sourcecode.swift; path = BadgeDetailViewController.swift; sourceTree = "<group>"; };
		07783FC91F4732E30081FB17 /* RewardDetailViewController.swift */ = {isa = PBXFileReference; lastKnownFileType = sourcecode.swift; path = RewardDetailViewController.swift; sourceTree = "<group>"; };
		077E8ECA1F4562550057DDC3 /* CanYouWatch.app */ = {isa = PBXFileReference; explicitFileType = wrapper.application; includeInIndex = 0; path = CanYouWatch.app; sourceTree = BUILT_PRODUCTS_DIR; };
		077E8ECD1F4562550057DDC3 /* Base */ = {isa = PBXFileReference; lastKnownFileType = file.storyboard; name = Base; path = Base.lproj/Interface.storyboard; sourceTree = "<group>"; };
		077E8ECF1F4562550057DDC3 /* Assets.xcassets */ = {isa = PBXFileReference; lastKnownFileType = folder.assetcatalog; path = Assets.xcassets; sourceTree = "<group>"; };
		077E8ED11F4562550057DDC3 /* Info.plist */ = {isa = PBXFileReference; lastKnownFileType = text.plist.xml; path = Info.plist; sourceTree = "<group>"; };
		077E8ED61F4562560057DDC3 /* CanYouWatch Extension.appex */ = {isa = PBXFileReference; explicitFileType = "wrapper.app-extension"; includeInIndex = 0; path = "CanYouWatch Extension.appex"; sourceTree = BUILT_PRODUCTS_DIR; };
		077E8EDB1F4562560057DDC3 /* StopWatchInterfaceController.swift */ = {isa = PBXFileReference; lastKnownFileType = sourcecode.swift; path = StopWatchInterfaceController.swift; sourceTree = "<group>"; };
		077E8EDD1F4562560057DDC3 /* ExtensionDelegate.swift */ = {isa = PBXFileReference; lastKnownFileType = sourcecode.swift; path = ExtensionDelegate.swift; sourceTree = "<group>"; };
		077E8EDF1F4562560057DDC3 /* NotificationController.swift */ = {isa = PBXFileReference; lastKnownFileType = sourcecode.swift; path = NotificationController.swift; sourceTree = "<group>"; };
		077E8EE11F4562560057DDC3 /* Assets.xcassets */ = {isa = PBXFileReference; lastKnownFileType = folder.assetcatalog; path = Assets.xcassets; sourceTree = "<group>"; };
		077E8EE31F4562560057DDC3 /* Info.plist */ = {isa = PBXFileReference; lastKnownFileType = text.plist.xml; path = Info.plist; sourceTree = "<group>"; };
		077E8EE41F4562560057DDC3 /* PushNotificationPayload.apns */ = {isa = PBXFileReference; lastKnownFileType = text; path = PushNotificationPayload.apns; sourceTree = "<group>"; };
		077EEB0C1F3F070900555921 /* User.swift */ = {isa = PBXFileReference; lastKnownFileType = sourcecode.swift; path = User.swift; sourceTree = "<group>"; };
		07A35BE41F405BCB00482782 /* DashBoardViewController.swift */ = {isa = PBXFileReference; lastKnownFileType = sourcecode.swift; name = DashBoardViewController.swift; path = CanYou/ViewController/DashBoardViewController.swift; sourceTree = SOURCE_ROOT; };
		07A369291F41D110000E2152 /* RootContainerViewController.swift */ = {isa = PBXFileReference; lastKnownFileType = sourcecode.swift; path = RootContainerViewController.swift; sourceTree = "<group>"; };
		07AEE8FF1F3C42C300D20151 /* CanYou.app */ = {isa = PBXFileReference; explicitFileType = wrapper.application; includeInIndex = 0; path = CanYou.app; sourceTree = BUILT_PRODUCTS_DIR; };
		07AEE9021F3C42C300D20151 /* AppDelegate.swift */ = {isa = PBXFileReference; lastKnownFileType = sourcecode.swift; path = AppDelegate.swift; sourceTree = "<group>"; };
		07AEE9071F3C42C300D20151 /* Base */ = {isa = PBXFileReference; lastKnownFileType = file.storyboard; name = Base; path = Base.lproj/Main.storyboard; sourceTree = "<group>"; };
		07AEE90A1F3C42C300D20151 /* CanYou.xcdatamodel */ = {isa = PBXFileReference; lastKnownFileType = wrapper.xcdatamodel; path = CanYou.xcdatamodel; sourceTree = "<group>"; };
		07AEE90C1F3C42C300D20151 /* Assets.xcassets */ = {isa = PBXFileReference; lastKnownFileType = folder.assetcatalog; path = Assets.xcassets; sourceTree = "<group>"; };
		07AEE90F1F3C42C300D20151 /* Base */ = {isa = PBXFileReference; lastKnownFileType = file.storyboard; name = Base; path = Base.lproj/LaunchScreen.storyboard; sourceTree = "<group>"; };
		07AEE9111F3C42C300D20151 /* Info.plist */ = {isa = PBXFileReference; lastKnownFileType = text.plist.xml; path = Info.plist; sourceTree = "<group>"; };
		07AEE9161F3C42C300D20151 /* CanYouTests.xctest */ = {isa = PBXFileReference; explicitFileType = wrapper.cfbundle; includeInIndex = 0; path = CanYouTests.xctest; sourceTree = BUILT_PRODUCTS_DIR; };
		07AEE91A1F3C42C300D20151 /* CanYouTests.swift */ = {isa = PBXFileReference; lastKnownFileType = sourcecode.swift; path = CanYouTests.swift; sourceTree = "<group>"; };
		07AEE91C1F3C42C300D20151 /* Info.plist */ = {isa = PBXFileReference; lastKnownFileType = text.plist.xml; path = Info.plist; sourceTree = "<group>"; };
		07AEE9211F3C42C300D20151 /* CanYouUITests.xctest */ = {isa = PBXFileReference; explicitFileType = wrapper.cfbundle; includeInIndex = 0; path = CanYouUITests.xctest; sourceTree = BUILT_PRODUCTS_DIR; };
		07AEE9251F3C42C300D20151 /* CanYouUITests.swift */ = {isa = PBXFileReference; lastKnownFileType = sourcecode.swift; path = CanYouUITests.swift; sourceTree = "<group>"; };
		07AEE9271F3C42C300D20151 /* Info.plist */ = {isa = PBXFileReference; lastKnownFileType = text.plist.xml; path = Info.plist; sourceTree = "<group>"; };
		07D0C3921F48EB1400FE64EC /* BadgeTableViewCell.swift */ = {isa = PBXFileReference; lastKnownFileType = sourcecode.swift; path = BadgeTableViewCell.swift; sourceTree = "<group>"; };
		07DB35361F48F445007E9515 /* RewardTableViewCell.swift */ = {isa = PBXFileReference; lastKnownFileType = sourcecode.swift; path = RewardTableViewCell.swift; sourceTree = "<group>"; };
		07DB35381F48FBBB007E9515 /* PlusTableViewCell.swift */ = {isa = PBXFileReference; lastKnownFileType = sourcecode.swift; path = PlusTableViewCell.swift; sourceTree = "<group>"; };
		07E4FE141F48FB9600F2946C /* Test */ = {isa = PBXFileReference; lastKnownFileType = folder; path = Test; sourceTree = "<group>"; };
		0CF4F5D980388B138AD363A2 /* Pods-CanYou.release.xcconfig */ = {isa = PBXFileReference; includeInIndex = 1; lastKnownFileType = text.xcconfig; name = "Pods-CanYou.release.xcconfig"; path = "Pods/Target Support Files/Pods-CanYou/Pods-CanYou.release.xcconfig"; sourceTree = "<group>"; };
		314969725ABD038B2CCF0EAE /* Pods-CanYou.debug.xcconfig */ = {isa = PBXFileReference; includeInIndex = 1; lastKnownFileType = text.xcconfig; name = "Pods-CanYou.debug.xcconfig"; path = "Pods/Target Support Files/Pods-CanYou/Pods-CanYou.debug.xcconfig"; sourceTree = "<group>"; };
		3B382BEF1EA30F19F7EA85B3 /* Pods-CanYouTests.debug.xcconfig */ = {isa = PBXFileReference; includeInIndex = 1; lastKnownFileType = text.xcconfig; name = "Pods-CanYouTests.debug.xcconfig"; path = "Pods/Target Support Files/Pods-CanYouTests/Pods-CanYouTests.debug.xcconfig"; sourceTree = "<group>"; };
		3B566975E1254538347BAC5C /* Pods-CanYouTests.release.xcconfig */ = {isa = PBXFileReference; includeInIndex = 1; lastKnownFileType = text.xcconfig; name = "Pods-CanYouTests.release.xcconfig"; path = "Pods/Target Support Files/Pods-CanYouTests/Pods-CanYouTests.release.xcconfig"; sourceTree = "<group>"; };
		5471B3C809B0FF480CC38D51 /* Pods-CanYouUITests.debug.xcconfig */ = {isa = PBXFileReference; includeInIndex = 1; lastKnownFileType = text.xcconfig; name = "Pods-CanYouUITests.debug.xcconfig"; path = "Pods/Target Support Files/Pods-CanYouUITests/Pods-CanYouUITests.debug.xcconfig"; sourceTree = "<group>"; };
		62E64C404BC64A87BB6D734A /* Pods-CanYouUITests.release.xcconfig */ = {isa = PBXFileReference; includeInIndex = 1; lastKnownFileType = text.xcconfig; name = "Pods-CanYouUITests.release.xcconfig"; path = "Pods/Target Support Files/Pods-CanYouUITests/Pods-CanYouUITests.release.xcconfig"; sourceTree = "<group>"; };
		6C6106EE8B9374A6041525E8 /* Pods_CanYouTests.framework */ = {isa = PBXFileReference; explicitFileType = wrapper.framework; includeInIndex = 0; path = Pods_CanYouTests.framework; sourceTree = BUILT_PRODUCTS_DIR; };
		8E59EA89B007D083A911E394 /* Pods_CanYouUITests.framework */ = {isa = PBXFileReference; explicitFileType = wrapper.framework; includeInIndex = 0; path = Pods_CanYouUITests.framework; sourceTree = BUILT_PRODUCTS_DIR; };
		A68EC1597700C0C088E5E9FE /* Pods_CanYou.framework */ = {isa = PBXFileReference; explicitFileType = wrapper.framework; includeInIndex = 0; path = Pods_CanYou.framework; sourceTree = BUILT_PRODUCTS_DIR; };
/* End PBXFileReference section */

/* Begin PBXFrameworksBuildPhase section */
		077E8ED31F4562560057DDC3 /* Frameworks */ = {
			isa = PBXFrameworksBuildPhase;
			buildActionMask = 2147483647;
			files = (
			);
			runOnlyForDeploymentPostprocessing = 0;
		};
		07AEE8FC1F3C42C300D20151 /* Frameworks */ = {
			isa = PBXFrameworksBuildPhase;
			buildActionMask = 2147483647;
			files = (
				735E64F5C8A60F123E41F5BC /* Pods_CanYou.framework in Frameworks */,
			);
			runOnlyForDeploymentPostprocessing = 0;
		};
		07AEE9131F3C42C300D20151 /* Frameworks */ = {
			isa = PBXFrameworksBuildPhase;
			buildActionMask = 2147483647;
			files = (
				E87BC8024917941DA61B00F4 /* Pods_CanYouTests.framework in Frameworks */,
			);
			runOnlyForDeploymentPostprocessing = 0;
		};
		07AEE91E1F3C42C300D20151 /* Frameworks */ = {
			isa = PBXFrameworksBuildPhase;
			buildActionMask = 2147483647;
			files = (
				C78FDA625A8333DE631DCB54 /* Pods_CanYouUITests.framework in Frameworks */,
			);
			runOnlyForDeploymentPostprocessing = 0;
		};
		A7AE1BD1DCDD5A3BCC62B8A1 /* Frameworks */ = {
			isa = PBXFrameworksBuildPhase;
			buildActionMask = 2147483647;
			files = (
			);
			runOnlyForDeploymentPostprocessing = 0;
		};
/* End PBXFrameworksBuildPhase section */

/* Begin PBXGroup section */
		07764A521F45F5430086105F /* InterfaceController */ = {
			isa = PBXGroup;
			children = (
				07764A4F1F45F5340086105F /* DashBoardInterfaceController.swift */,
				077E8EDB1F4562560057DDC3 /* StopWatchInterfaceController.swift */,
			);
			path = InterfaceController;
			sourceTree = "<group>";
		};
		077E8ECB1F4562550057DDC3 /* CanYouWatch */ = {
			isa = PBXGroup;
			children = (
				07E4FE141F48FB9600F2946C /* Test */,
				077E8ECC1F4562550057DDC3 /* Interface.storyboard */,
				077E8ECF1F4562550057DDC3 /* Assets.xcassets */,
				077E8ED11F4562550057DDC3 /* Info.plist */,
			);
			path = CanYouWatch;
			sourceTree = "<group>";
		};
		077E8EDA1F4562560057DDC3 /* CanYouWatch Extension */ = {
			isa = PBXGroup;
			children = (
				07764A521F45F5430086105F /* InterfaceController */,
				077E8EDD1F4562560057DDC3 /* ExtensionDelegate.swift */,
				077E8EDF1F4562560057DDC3 /* NotificationController.swift */,
				077E8EE11F4562560057DDC3 /* Assets.xcassets */,
				077E8EE31F4562560057DDC3 /* Info.plist */,
				077E8EE41F4562560057DDC3 /* PushNotificationPayload.apns */,
			);
			path = "CanYouWatch Extension";
			sourceTree = "<group>";
		};
		07AEE8F61F3C42C200D20151 = {
			isa = PBXGroup;
			children = (
				07AEE9011F3C42C300D20151 /* CanYou */,
				07AEE9191F3C42C300D20151 /* CanYouTests */,
				07AEE9241F3C42C300D20151 /* CanYouUITests */,
				077E8ECB1F4562550057DDC3 /* CanYouWatch */,
				077E8EDA1F4562560057DDC3 /* CanYouWatch Extension */,
				07AEE9001F3C42C300D20151 /* Products */,
				7810245A5A03C9A8A5843EA6 /* Pods */,
				A3286EFD903A0715BD487337 /* Frameworks */,
			);
			sourceTree = "<group>";
		};
		07AEE9001F3C42C300D20151 /* Products */ = {
			isa = PBXGroup;
			children = (
				07AEE8FF1F3C42C300D20151 /* CanYou.app */,
				07AEE9161F3C42C300D20151 /* CanYouTests.xctest */,
				07AEE9211F3C42C300D20151 /* CanYouUITests.xctest */,
				077E8ECA1F4562550057DDC3 /* CanYouWatch.app */,
				077E8ED61F4562560057DDC3 /* CanYouWatch Extension.appex */,
			);
			name = Products;
			sourceTree = "<group>";
		};
		07AEE9011F3C42C300D20151 /* CanYou */ = {
			isa = PBXGroup;
			children = (
				07AEE9331F3C46D800D20151 /* Model */,
				07AEE9341F3C46DF00D20151 /* View */,
				07AEE9351F3C46E700D20151 /* ViewController */,
				07AEE9361F3C46EE00D20151 /* Controller */,
				07AEE90C1F3C42C300D20151 /* Assets.xcassets */,
				07AEE9371F3C46F800D20151 /* Storyboard */,
				07AEE9111F3C42C300D20151 /* Info.plist */,
				07AEE9021F3C42C300D20151 /* AppDelegate.swift */,
			);
			path = CanYou;
			sourceTree = "<group>";
		};
		07AEE9191F3C42C300D20151 /* CanYouTests */ = {
			isa = PBXGroup;
			children = (
				07AEE91A1F3C42C300D20151 /* CanYouTests.swift */,
				07AEE91C1F3C42C300D20151 /* Info.plist */,
			);
			path = CanYouTests;
			sourceTree = "<group>";
		};
		07AEE9241F3C42C300D20151 /* CanYouUITests */ = {
			isa = PBXGroup;
			children = (
				07AEE9251F3C42C300D20151 /* CanYouUITests.swift */,
				07AEE9271F3C42C300D20151 /* Info.plist */,
			);
			path = CanYouUITests;
			sourceTree = "<group>";
		};
		07AEE9331F3C46D800D20151 /* Model */ = {
			isa = PBXGroup;
			children = (
				07671BB51F3F750A00DD4E24 /* Setting.swift */,
				076C2EFC1F404B4200579914 /* SettingStore.swift */,
				07671BB71F3F75DF00DD4E24 /* Memo.swift */,
				076C2EFA1F4045C800579914 /* MemoStore.swift */,
				07AEE9091F3C42C300D20151 /* CanYou.xcdatamodeld */,
				077EEB0C1F3F070900555921 /* User.swift */,
				07671BB91F3F769500DD4E24 /* UserStore.swift */,
				07671BAB1F3F731600DD4E24 /* Reward.swift */,
				076C2EF21F402FC100579914 /* RewardStore.swift */,
				07671BAD1F3F73B700DD4E24 /* BadgeUser.swift */,
				07671BAF1F3F746100DD4E24 /* HealthInfo.swift */,
				076C2EF61F4033C100579914 /* HealthInfoStore.swift */,
				07671BB11F3F749B00DD4E24 /* Smoke.swift */,
				076C2EF81F403D4C00579914 /* SmokeStore.swift */,
				07671BA91F3F722100DD4E24 /* Badge.swift */,
				076C2EF41F40332A00579914 /* BadgeStore.swift */,
			);
			path = Model;
			sourceTree = "<group>";
		};
		07AEE9341F3C46DF00D20151 /* View */ = {
			isa = PBXGroup;
			children = (
				07D0C3921F48EB1400FE64EC /* BadgeTableViewCell.swift */,
				07DB35381F48FBBB007E9515 /* PlusTableViewCell.swift */,
				07DB35361F48F445007E9515 /* RewardTableViewCell.swift */,
				075860D01F41908300E974F8 /* PageContainerView.swift */,
			);
			path = View;
			sourceTree = "<group>";
		};
		07AEE9351F3C46E700D20151 /* ViewController */ = {
			isa = PBXGroup;
			children = (
				07A369291F41D110000E2152 /* RootContainerViewController.swift */,
				076C2F001F4053C100579914 /* CanYouAnimationViewController.swift */,
				07A35BE41F405BCB00482782 /* DashBoardViewController.swift */,
				076B7AA01F42FC6900C68F05 /* BadgeViewController.swift */,
				07783FC71F47329F0081FB17 /* BadgeDetailViewController.swift */,
				076B7AA21F42FD2900C68F05 /* RewardViewController.swift */,
				07783FC91F4732E30081FB17 /* RewardDetailViewController.swift */,
				076C2F021F4053FB00579914 /* CigaretteDailyViewController.swift */,
				076C2EFE1F4053AD00579914 /* WelcomeViewController.swift */,
				076C2F041F40543800579914 /* SettingTableViewController.swift */,
			);
			path = ViewController;
			sourceTree = "<group>";
		};
		07AEE9361F3C46EE00D20151 /* Controller */ = {
			isa = PBXGroup;
			children = (
				0718D7551F4591F5000956E8 /* TimerController.swift */,
				07671BBB1F3F797300DD4E24 /* DataController.swift */,
			);
			path = Controller;
			sourceTree = "<group>";
		};
		07AEE9371F3C46F800D20151 /* Storyboard */ = {
			isa = PBXGroup;
			children = (
				07AEE9061F3C42C300D20151 /* Main.storyboard */,
				07AEE90E1F3C42C300D20151 /* LaunchScreen.storyboard */,
			);
			path = Storyboard;
			sourceTree = "<group>";
		};
		7810245A5A03C9A8A5843EA6 /* Pods */ = {
			isa = PBXGroup;
			children = (
				314969725ABD038B2CCF0EAE /* Pods-CanYou.debug.xcconfig */,
				0CF4F5D980388B138AD363A2 /* Pods-CanYou.release.xcconfig */,
				3B382BEF1EA30F19F7EA85B3 /* Pods-CanYouTests.debug.xcconfig */,
				3B566975E1254538347BAC5C /* Pods-CanYouTests.release.xcconfig */,
				5471B3C809B0FF480CC38D51 /* Pods-CanYouUITests.debug.xcconfig */,
				62E64C404BC64A87BB6D734A /* Pods-CanYouUITests.release.xcconfig */,
			);
			name = Pods;
			sourceTree = "<group>";
		};
		A3286EFD903A0715BD487337 /* Frameworks */ = {
			isa = PBXGroup;
			children = (
				A68EC1597700C0C088E5E9FE /* Pods_CanYou.framework */,
				6C6106EE8B9374A6041525E8 /* Pods_CanYouTests.framework */,
				8E59EA89B007D083A911E394 /* Pods_CanYouUITests.framework */,
			);
			name = Frameworks;
			sourceTree = "<group>";
		};
/* End PBXGroup section */

/* Begin PBXNativeTarget section */
		077E8EC91F4562550057DDC3 /* CanYouWatch */ = {
			isa = PBXNativeTarget;
			buildConfigurationList = 077E8EEE1F4562560057DDC3 /* Build configuration list for PBXNativeTarget "CanYouWatch" */;
			buildPhases = (
				077E8EC81F4562550057DDC3 /* Resources */,
				077E8EED1F4562560057DDC3 /* Embed App Extensions */,
				A7AE1BD1DCDD5A3BCC62B8A1 /* Frameworks */,
			);
			buildRules = (
			);
			dependencies = (
				077E8ED91F4562560057DDC3 /* PBXTargetDependency */,
			);
			name = CanYouWatch;
			productName = CanYouWatch;
			productReference = 077E8ECA1F4562550057DDC3 /* CanYouWatch.app */;
			productType = "com.apple.product-type.application.watchapp2";
		};
		077E8ED51F4562560057DDC3 /* CanYouWatch Extension */ = {
			isa = PBXNativeTarget;
			buildConfigurationList = 077E8EEC1F4562560057DDC3 /* Build configuration list for PBXNativeTarget "CanYouWatch Extension" */;
			buildPhases = (
				077E8ED21F4562560057DDC3 /* Sources */,
				077E8ED31F4562560057DDC3 /* Frameworks */,
				077E8ED41F4562560057DDC3 /* Resources */,
			);
			buildRules = (
			);
			dependencies = (
			);
			name = "CanYouWatch Extension";
			productName = "CanYouWatch Extension";
			productReference = 077E8ED61F4562560057DDC3 /* CanYouWatch Extension.appex */;
			productType = "com.apple.product-type.watchkit2-extension";
		};
		07AEE8FE1F3C42C300D20151 /* CanYou */ = {
			isa = PBXNativeTarget;
			buildConfigurationList = 07AEE92A1F3C42C300D20151 /* Build configuration list for PBXNativeTarget "CanYou" */;
			buildPhases = (
				97797136F1DFC0BC6CDB07F5 /* [CP] Check Pods Manifest.lock */,
				07AEE8FB1F3C42C300D20151 /* Sources */,
				07AEE8FC1F3C42C300D20151 /* Frameworks */,
				07AEE8FD1F3C42C300D20151 /* Resources */,
				952CDB4E0C2221916C61A0EF /* [CP] Embed Pods Frameworks */,
				9FFEDE9485B9C8ED5C21A380 /* [CP] Copy Pods Resources */,
				077E8EEF1F4562560057DDC3 /* Embed Watch Content */,
			);
			buildRules = (
			);
			dependencies = (
				077E8EE61F4562560057DDC3 /* PBXTargetDependency */,
			);
			name = CanYou;
			productName = CanYou;
			productReference = 07AEE8FF1F3C42C300D20151 /* CanYou.app */;
			productType = "com.apple.product-type.application";
		};
		07AEE9151F3C42C300D20151 /* CanYouTests */ = {
			isa = PBXNativeTarget;
			buildConfigurationList = 07AEE92D1F3C42C300D20151 /* Build configuration list for PBXNativeTarget "CanYouTests" */;
			buildPhases = (
				60BD4AA80219CD952FE01C44 /* [CP] Check Pods Manifest.lock */,
				07AEE9121F3C42C300D20151 /* Sources */,
				07AEE9131F3C42C300D20151 /* Frameworks */,
				07AEE9141F3C42C300D20151 /* Resources */,
				C23F5B7097F0A78773F08438 /* [CP] Embed Pods Frameworks */,
				A23413FD1A73899C4DB5F27B /* [CP] Copy Pods Resources */,
			);
			buildRules = (
			);
			dependencies = (
				07AEE9181F3C42C300D20151 /* PBXTargetDependency */,
			);
			name = CanYouTests;
			productName = CanYouTests;
			productReference = 07AEE9161F3C42C300D20151 /* CanYouTests.xctest */;
			productType = "com.apple.product-type.bundle.unit-test";
		};
		07AEE9201F3C42C300D20151 /* CanYouUITests */ = {
			isa = PBXNativeTarget;
			buildConfigurationList = 07AEE9301F3C42C300D20151 /* Build configuration list for PBXNativeTarget "CanYouUITests" */;
			buildPhases = (
				988A909DA079DBCFBB696100 /* [CP] Check Pods Manifest.lock */,
				07AEE91D1F3C42C300D20151 /* Sources */,
				07AEE91E1F3C42C300D20151 /* Frameworks */,
				07AEE91F1F3C42C300D20151 /* Resources */,
				CD7D80A8377A3CE62FE2B445 /* [CP] Embed Pods Frameworks */,
				B92B842CE5CEC37EF58B719A /* [CP] Copy Pods Resources */,
			);
			buildRules = (
			);
			dependencies = (
				07AEE9231F3C42C300D20151 /* PBXTargetDependency */,
			);
			name = CanYouUITests;
			productName = CanYouUITests;
			productReference = 07AEE9211F3C42C300D20151 /* CanYouUITests.xctest */;
			productType = "com.apple.product-type.bundle.ui-testing";
		};
/* End PBXNativeTarget section */

/* Begin PBXProject section */
		07AEE8F71F3C42C200D20151 /* Project object */ = {
			isa = PBXProject;
			attributes = {
				LastSwiftUpdateCheck = 0900;
				LastUpgradeCheck = 0900;
				ORGANIZATIONNAME = "Eric Park";
				TargetAttributes = {
					077E8EC91F4562550057DDC3 = {
						CreatedOnToolsVersion = 9.0;
					};
					077E8ED51F4562560057DDC3 = {
						CreatedOnToolsVersion = 9.0;
					};
					07AEE8FE1F3C42C300D20151 = {
						CreatedOnToolsVersion = 9.0;
					};
					07AEE9151F3C42C300D20151 = {
						CreatedOnToolsVersion = 9.0;
						TestTargetID = 07AEE8FE1F3C42C300D20151;
					};
					07AEE9201F3C42C300D20151 = {
						CreatedOnToolsVersion = 9.0;
						TestTargetID = 07AEE8FE1F3C42C300D20151;
					};
				};
			};
			buildConfigurationList = 07AEE8FA1F3C42C300D20151 /* Build configuration list for PBXProject "CanYou" */;
			compatibilityVersion = "Xcode 8.0";
			developmentRegion = en;
			hasScannedForEncodings = 0;
			knownRegions = (
				en,
				Base,
			);
			mainGroup = 07AEE8F61F3C42C200D20151;
			productRefGroup = 07AEE9001F3C42C300D20151 /* Products */;
			projectDirPath = "";
			projectRoot = "";
			targets = (
				07AEE8FE1F3C42C300D20151 /* CanYou */,
				07AEE9151F3C42C300D20151 /* CanYouTests */,
				07AEE9201F3C42C300D20151 /* CanYouUITests */,
				077E8EC91F4562550057DDC3 /* CanYouWatch */,
				077E8ED51F4562560057DDC3 /* CanYouWatch Extension */,
			);
		};
/* End PBXProject section */

/* Begin PBXResourcesBuildPhase section */
		077E8EC81F4562550057DDC3 /* Resources */ = {
			isa = PBXResourcesBuildPhase;
			buildActionMask = 2147483647;
			files = (
				07E4FE151F48FB9700F2946C /* Test in Resources */,
				077E8ED01F4562550057DDC3 /* Assets.xcassets in Resources */,
				077E8ECE1F4562550057DDC3 /* Interface.storyboard in Resources */,
			);
			runOnlyForDeploymentPostprocessing = 0;
		};
		077E8ED41F4562560057DDC3 /* Resources */ = {
			isa = PBXResourcesBuildPhase;
			buildActionMask = 2147483647;
			files = (
				077E8EE21F4562560057DDC3 /* Assets.xcassets in Resources */,
			);
			runOnlyForDeploymentPostprocessing = 0;
		};
		07AEE8FD1F3C42C300D20151 /* Resources */ = {
			isa = PBXResourcesBuildPhase;
			buildActionMask = 2147483647;
			files = (
				07AEE9101F3C42C300D20151 /* LaunchScreen.storyboard in Resources */,
				07AEE90D1F3C42C300D20151 /* Assets.xcassets in Resources */,
				07AEE9081F3C42C300D20151 /* Main.storyboard in Resources */,
			);
			runOnlyForDeploymentPostprocessing = 0;
		};
		07AEE9141F3C42C300D20151 /* Resources */ = {
			isa = PBXResourcesBuildPhase;
			buildActionMask = 2147483647;
			files = (
			);
			runOnlyForDeploymentPostprocessing = 0;
		};
		07AEE91F1F3C42C300D20151 /* Resources */ = {
			isa = PBXResourcesBuildPhase;
			buildActionMask = 2147483647;
			files = (
			);
			runOnlyForDeploymentPostprocessing = 0;
		};
/* End PBXResourcesBuildPhase section */

/* Begin PBXShellScriptBuildPhase section */
		60BD4AA80219CD952FE01C44 /* [CP] Check Pods Manifest.lock */ = {
			isa = PBXShellScriptBuildPhase;
			buildActionMask = 2147483647;
			files = (
			);
			inputPaths = (
				"${PODS_PODFILE_DIR_PATH}/Podfile.lock",
				"${PODS_ROOT}/Manifest.lock",
			);
			name = "[CP] Check Pods Manifest.lock";
			outputPaths = (
				"$(DERIVED_FILE_DIR)/Pods-CanYouTests-checkManifestLockResult.txt",
			);
			runOnlyForDeploymentPostprocessing = 0;
			shellPath = /bin/sh;
			shellScript = "diff \"${PODS_PODFILE_DIR_PATH}/Podfile.lock\" \"${PODS_ROOT}/Manifest.lock\" > /dev/null\nif [ $? != 0 ] ; then\n    # print error to STDERR\n    echo \"error: The sandbox is not in sync with the Podfile.lock. Run 'pod install' or update your CocoaPods installation.\" >&2\n    exit 1\nfi\n# This output is used by Xcode 'outputs' to avoid re-running this script phase.\necho \"SUCCESS\" > \"${SCRIPT_OUTPUT_FILE_0}\"\n";
			showEnvVarsInLog = 0;
		};
		952CDB4E0C2221916C61A0EF /* [CP] Embed Pods Frameworks */ = {
			isa = PBXShellScriptBuildPhase;
			buildActionMask = 2147483647;
			files = (
			);
			inputPaths = (
				"${SRCROOT}/Pods/Target Support Files/Pods-CanYou/Pods-CanYou-frameworks.sh",
				"${BUILT_PRODUCTS_DIR}/Then/Then.framework",
			);
			name = "[CP] Embed Pods Frameworks";
			outputPaths = (
				"${TARGET_BUILD_DIR}/${FRAMEWORKS_FOLDER_PATH}/Then.framework",
			);
			runOnlyForDeploymentPostprocessing = 0;
			shellPath = /bin/sh;
			shellScript = "\"${SRCROOT}/Pods/Target Support Files/Pods-CanYou/Pods-CanYou-frameworks.sh\"\n";
			showEnvVarsInLog = 0;
		};
		97797136F1DFC0BC6CDB07F5 /* [CP] Check Pods Manifest.lock */ = {
			isa = PBXShellScriptBuildPhase;
			buildActionMask = 2147483647;
			files = (
			);
			inputPaths = (
				"${PODS_PODFILE_DIR_PATH}/Podfile.lock",
				"${PODS_ROOT}/Manifest.lock",
			);
			name = "[CP] Check Pods Manifest.lock";
			outputPaths = (
				"$(DERIVED_FILE_DIR)/Pods-CanYou-checkManifestLockResult.txt",
			);
			runOnlyForDeploymentPostprocessing = 0;
			shellPath = /bin/sh;
			shellScript = "diff \"${PODS_PODFILE_DIR_PATH}/Podfile.lock\" \"${PODS_ROOT}/Manifest.lock\" > /dev/null\nif [ $? != 0 ] ; then\n    # print error to STDERR\n    echo \"error: The sandbox is not in sync with the Podfile.lock. Run 'pod install' or update your CocoaPods installation.\" >&2\n    exit 1\nfi\n# This output is used by Xcode 'outputs' to avoid re-running this script phase.\necho \"SUCCESS\" > \"${SCRIPT_OUTPUT_FILE_0}\"\n";
			showEnvVarsInLog = 0;
		};
		988A909DA079DBCFBB696100 /* [CP] Check Pods Manifest.lock */ = {
			isa = PBXShellScriptBuildPhase;
			buildActionMask = 2147483647;
			files = (
			);
			inputPaths = (
				"${PODS_PODFILE_DIR_PATH}/Podfile.lock",
				"${PODS_ROOT}/Manifest.lock",
			);
			name = "[CP] Check Pods Manifest.lock";
			outputPaths = (
				"$(DERIVED_FILE_DIR)/Pods-CanYouUITests-checkManifestLockResult.txt",
			);
			runOnlyForDeploymentPostprocessing = 0;
			shellPath = /bin/sh;
			shellScript = "diff \"${PODS_PODFILE_DIR_PATH}/Podfile.lock\" \"${PODS_ROOT}/Manifest.lock\" > /dev/null\nif [ $? != 0 ] ; then\n    # print error to STDERR\n    echo \"error: The sandbox is not in sync with the Podfile.lock. Run 'pod install' or update your CocoaPods installation.\" >&2\n    exit 1\nfi\n# This output is used by Xcode 'outputs' to avoid re-running this script phase.\necho \"SUCCESS\" > \"${SCRIPT_OUTPUT_FILE_0}\"\n";
			showEnvVarsInLog = 0;
		};
		9FFEDE9485B9C8ED5C21A380 /* [CP] Copy Pods Resources */ = {
			isa = PBXShellScriptBuildPhase;
			buildActionMask = 2147483647;
			files = (
			);
			inputPaths = (
			);
			name = "[CP] Copy Pods Resources";
			outputPaths = (
			);
			runOnlyForDeploymentPostprocessing = 0;
			shellPath = /bin/sh;
			shellScript = "\"${SRCROOT}/Pods/Target Support Files/Pods-CanYou/Pods-CanYou-resources.sh\"\n";
			showEnvVarsInLog = 0;
		};
		A23413FD1A73899C4DB5F27B /* [CP] Copy Pods Resources */ = {
			isa = PBXShellScriptBuildPhase;
			buildActionMask = 2147483647;
			files = (
			);
			inputPaths = (
			);
			name = "[CP] Copy Pods Resources";
			outputPaths = (
			);
			runOnlyForDeploymentPostprocessing = 0;
			shellPath = /bin/sh;
			shellScript = "\"${SRCROOT}/Pods/Target Support Files/Pods-CanYouTests/Pods-CanYouTests-resources.sh\"\n";
			showEnvVarsInLog = 0;
		};
		B92B842CE5CEC37EF58B719A /* [CP] Copy Pods Resources */ = {
			isa = PBXShellScriptBuildPhase;
			buildActionMask = 2147483647;
			files = (
			);
			inputPaths = (
			);
			name = "[CP] Copy Pods Resources";
			outputPaths = (
			);
			runOnlyForDeploymentPostprocessing = 0;
			shellPath = /bin/sh;
			shellScript = "\"${SRCROOT}/Pods/Target Support Files/Pods-CanYouUITests/Pods-CanYouUITests-resources.sh\"\n";
			showEnvVarsInLog = 0;
		};
		C23F5B7097F0A78773F08438 /* [CP] Embed Pods Frameworks */ = {
			isa = PBXShellScriptBuildPhase;
			buildActionMask = 2147483647;
			files = (
			);
			inputPaths = (
			);
			name = "[CP] Embed Pods Frameworks";
			outputPaths = (
			);
			runOnlyForDeploymentPostprocessing = 0;
			shellPath = /bin/sh;
			shellScript = "\"${SRCROOT}/Pods/Target Support Files/Pods-CanYouTests/Pods-CanYouTests-frameworks.sh\"\n";
			showEnvVarsInLog = 0;
		};
		CD7D80A8377A3CE62FE2B445 /* [CP] Embed Pods Frameworks */ = {
			isa = PBXShellScriptBuildPhase;
			buildActionMask = 2147483647;
			files = (
			);
			inputPaths = (
			);
			name = "[CP] Embed Pods Frameworks";
			outputPaths = (
			);
			runOnlyForDeploymentPostprocessing = 0;
			shellPath = /bin/sh;
			shellScript = "\"${SRCROOT}/Pods/Target Support Files/Pods-CanYouUITests/Pods-CanYouUITests-frameworks.sh\"\n";
			showEnvVarsInLog = 0;
		};
/* End PBXShellScriptBuildPhase section */

/* Begin PBXSourcesBuildPhase section */
		077E8ED21F4562560057DDC3 /* Sources */ = {
			isa = PBXSourcesBuildPhase;
			buildActionMask = 2147483647;
			files = (
				077E8EE01F4562560057DDC3 /* NotificationController.swift in Sources */,
				077E8EDE1F4562560057DDC3 /* ExtensionDelegate.swift in Sources */,
				07764A511F45F5380086105F /* DashBoardInterfaceController.swift in Sources */,
				077E8EDC1F4562560057DDC3 /* StopWatchInterfaceController.swift in Sources */,
			);
			runOnlyForDeploymentPostprocessing = 0;
		};
		07AEE8FB1F3C42C300D20151 /* Sources */ = {
			isa = PBXSourcesBuildPhase;
			buildActionMask = 2147483647;
			files = (
				07671BB61F3F750A00DD4E24 /* Setting.swift in Sources */,
				076C2EFF1F4053AD00579914 /* WelcomeViewController.swift in Sources */,
				077EEB0D1F3F070900555921 /* User.swift in Sources */,
				07671BAA1F3F722100DD4E24 /* Badge.swift in Sources */,
				07AEE90B1F3C42C300D20151 /* CanYou.xcdatamodeld in Sources */,
				07671BB21F3F749B00DD4E24 /* Smoke.swift in Sources */,
				076C2EF31F402FC100579914 /* RewardStore.swift in Sources */,
				075860D11F41908300E974F8 /* PageContainerView.swift in Sources */,
				07DB353A1F48FBBB007E9515 /* PlusTableViewCell.swift in Sources */,
				076C2EFB1F4045C800579914 /* MemoStore.swift in Sources */,
				07D0C3931F48EB1400FE64EC /* BadgeTableViewCell.swift in Sources */,
				076C2EFD1F404B4200579914 /* SettingStore.swift in Sources */,
				076C2F011F4053C100579914 /* CanYouAnimationViewController.swift in Sources */,
				07783FCA1F4732E30081FB17 /* RewardDetailViewController.swift in Sources */,
				076C2EF91F403D4C00579914 /* SmokeStore.swift in Sources */,
				0718D7561F4591F5000956E8 /* TimerController.swift in Sources */,
				076C2EF51F40332A00579914 /* BadgeStore.swift in Sources */,
				07A3692A1F41D110000E2152 /* RootContainerViewController.swift in Sources */,
				07671BBA1F3F769500DD4E24 /* UserStore.swift in Sources */,
				07A35BE51F405BCB00482782 /* DashBoardViewController.swift in Sources */,
				07671BB81F3F75DF00DD4E24 /* Memo.swift in Sources */,
				07671BAC1F3F731600DD4E24 /* Reward.swift in Sources */,
				07671BB01F3F746100DD4E24 /* HealthInfo.swift in Sources */,
				076C2F031F4053FB00579914 /* CigaretteDailyViewController.swift in Sources */,
				076B7AA31F42FD2900C68F05 /* RewardViewController.swift in Sources */,
				076B7AA11F42FC6A00C68F05 /* BadgeViewController.swift in Sources */,
				07671BAE1F3F73B700DD4E24 /* BadgeUser.swift in Sources */,
				076C2F051F40543800579914 /* SettingTableViewController.swift in Sources */,
				07671BBC1F3F797300DD4E24 /* DataController.swift in Sources */,
				07DB35371F48F445007E9515 /* RewardTableViewCell.swift in Sources */,
				07AEE9031F3C42C300D20151 /* AppDelegate.swift in Sources */,
				076C2EF71F4033C100579914 /* HealthInfoStore.swift in Sources */,
				07783FC81F47329F0081FB17 /* BadgeDetailViewController.swift in Sources */,
			);
			runOnlyForDeploymentPostprocessing = 0;
		};
		07AEE9121F3C42C300D20151 /* Sources */ = {
			isa = PBXSourcesBuildPhase;
			buildActionMask = 2147483647;
			files = (
				07AEE91B1F3C42C300D20151 /* CanYouTests.swift in Sources */,
			);
			runOnlyForDeploymentPostprocessing = 0;
		};
		07AEE91D1F3C42C300D20151 /* Sources */ = {
			isa = PBXSourcesBuildPhase;
			buildActionMask = 2147483647;
			files = (
				07AEE9261F3C42C300D20151 /* CanYouUITests.swift in Sources */,
			);
			runOnlyForDeploymentPostprocessing = 0;
		};
/* End PBXSourcesBuildPhase section */

/* Begin PBXTargetDependency section */
		077E8ED91F4562560057DDC3 /* PBXTargetDependency */ = {
			isa = PBXTargetDependency;
			target = 077E8ED51F4562560057DDC3 /* CanYouWatch Extension */;
			targetProxy = 077E8ED81F4562560057DDC3 /* PBXContainerItemProxy */;
		};
		077E8EE61F4562560057DDC3 /* PBXTargetDependency */ = {
			isa = PBXTargetDependency;
			target = 077E8EC91F4562550057DDC3 /* CanYouWatch */;
			targetProxy = 077E8EE51F4562560057DDC3 /* PBXContainerItemProxy */;
		};
		07AEE9181F3C42C300D20151 /* PBXTargetDependency */ = {
			isa = PBXTargetDependency;
			target = 07AEE8FE1F3C42C300D20151 /* CanYou */;
			targetProxy = 07AEE9171F3C42C300D20151 /* PBXContainerItemProxy */;
		};
		07AEE9231F3C42C300D20151 /* PBXTargetDependency */ = {
			isa = PBXTargetDependency;
			target = 07AEE8FE1F3C42C300D20151 /* CanYou */;
			targetProxy = 07AEE9221F3C42C300D20151 /* PBXContainerItemProxy */;
		};
/* End PBXTargetDependency section */

/* Begin PBXVariantGroup section */
		077E8ECC1F4562550057DDC3 /* Interface.storyboard */ = {
			isa = PBXVariantGroup;
			children = (
				077E8ECD1F4562550057DDC3 /* Base */,
			);
			name = Interface.storyboard;
			sourceTree = "<group>";
		};
		07AEE9061F3C42C300D20151 /* Main.storyboard */ = {
			isa = PBXVariantGroup;
			children = (
				07AEE9071F3C42C300D20151 /* Base */,
			);
			name = Main.storyboard;
			sourceTree = "<group>";
		};
		07AEE90E1F3C42C300D20151 /* LaunchScreen.storyboard */ = {
			isa = PBXVariantGroup;
			children = (
				07AEE90F1F3C42C300D20151 /* Base */,
			);
			name = LaunchScreen.storyboard;
			sourceTree = "<group>";
		};
/* End PBXVariantGroup section */

/* Begin XCBuildConfiguration section */
		077E8EE81F4562560057DDC3 /* Debug */ = {
			isa = XCBuildConfiguration;
			buildSettings = {
				ALWAYS_EMBED_SWIFT_STANDARD_LIBRARIES = YES;
				ASSETCATALOG_COMPILER_APPICON_NAME = AppIcon;
				DEVELOPMENT_TEAM = RD94QKXJBK;
				IBSC_MODULE = CanYouWatch_Extension;
				INFOPLIST_FILE = CanYouWatch/Info.plist;
				PRODUCT_BUNDLE_IDENTIFIER = com.Eric.Park.CanYou.watchkitapp;
				PRODUCT_NAME = "$(TARGET_NAME)";
				SDKROOT = watchos;
				SKIP_INSTALL = YES;
				SWIFT_VERSION = 4.0;
				TARGETED_DEVICE_FAMILY = 4;
				WATCHOS_DEPLOYMENT_TARGET = 3.2;
			};
			name = Debug;
		};
		077E8EE91F4562560057DDC3 /* Release */ = {
			isa = XCBuildConfiguration;
			buildSettings = {
				ALWAYS_EMBED_SWIFT_STANDARD_LIBRARIES = YES;
				ASSETCATALOG_COMPILER_APPICON_NAME = AppIcon;
				DEVELOPMENT_TEAM = RD94QKXJBK;
				IBSC_MODULE = CanYouWatch_Extension;
				INFOPLIST_FILE = CanYouWatch/Info.plist;
				PRODUCT_BUNDLE_IDENTIFIER = com.Eric.Park.CanYou.watchkitapp;
				PRODUCT_NAME = "$(TARGET_NAME)";
				SDKROOT = watchos;
				SKIP_INSTALL = YES;
				SWIFT_VERSION = 4.0;
				TARGETED_DEVICE_FAMILY = 4;
				WATCHOS_DEPLOYMENT_TARGET = 3.2;
			};
			name = Release;
		};
		077E8EEA1F4562560057DDC3 /* Debug */ = {
			isa = XCBuildConfiguration;
			buildSettings = {
				ASSETCATALOG_COMPILER_COMPLICATION_NAME = Complication;
				DEVELOPMENT_TEAM = RD94QKXJBK;
				INFOPLIST_FILE = "CanYouWatch Extension/Info.plist";
				LD_RUNPATH_SEARCH_PATHS = "$(inherited) @executable_path/Frameworks @executable_path/../../Frameworks";
				PRODUCT_BUNDLE_IDENTIFIER = com.Eric.Park.CanYou.watchkitapp.watchkitextension;
				PRODUCT_NAME = "${TARGET_NAME}";
				SDKROOT = watchos;
				SKIP_INSTALL = YES;
				SWIFT_VERSION = 4.0;
				TARGETED_DEVICE_FAMILY = 4;
				WATCHOS_DEPLOYMENT_TARGET = 4.0;
			};
			name = Debug;
		};
		077E8EEB1F4562560057DDC3 /* Release */ = {
			isa = XCBuildConfiguration;
			buildSettings = {
				ASSETCATALOG_COMPILER_COMPLICATION_NAME = Complication;
				DEVELOPMENT_TEAM = RD94QKXJBK;
				INFOPLIST_FILE = "CanYouWatch Extension/Info.plist";
				LD_RUNPATH_SEARCH_PATHS = "$(inherited) @executable_path/Frameworks @executable_path/../../Frameworks";
				PRODUCT_BUNDLE_IDENTIFIER = com.Eric.Park.CanYou.watchkitapp.watchkitextension;
				PRODUCT_NAME = "${TARGET_NAME}";
				SDKROOT = watchos;
				SKIP_INSTALL = YES;
				SWIFT_VERSION = 4.0;
				TARGETED_DEVICE_FAMILY = 4;
				WATCHOS_DEPLOYMENT_TARGET = 4.0;
			};
			name = Release;
		};
		07AEE9281F3C42C300D20151 /* Debug */ = {
			isa = XCBuildConfiguration;
			buildSettings = {
				ALWAYS_SEARCH_USER_PATHS = NO;
				CLANG_ANALYZER_NONNULL = YES;
				CLANG_ANALYZER_NUMBER_OBJECT_CONVERSION = YES_AGGRESSIVE;
				CLANG_CXX_LANGUAGE_STANDARD = "gnu++14";
				CLANG_CXX_LIBRARY = "libc++";
				CLANG_ENABLE_MODULES = YES;
				CLANG_ENABLE_OBJC_ARC = YES;
				CLANG_WARN_BLOCK_CAPTURE_AUTORELEASING = YES;
				CLANG_WARN_BOOL_CONVERSION = YES;
				CLANG_WARN_COMMA = YES;
				CLANG_WARN_CONSTANT_CONVERSION = YES;
				CLANG_WARN_DIRECT_OBJC_ISA_USAGE = YES_ERROR;
				CLANG_WARN_DOCUMENTATION_COMMENTS = YES;
				CLANG_WARN_EMPTY_BODY = YES;
				CLANG_WARN_ENUM_CONVERSION = YES;
				CLANG_WARN_INFINITE_RECURSION = YES;
				CLANG_WARN_INT_CONVERSION = YES;
				CLANG_WARN_NON_LITERAL_NULL_CONVERSION = YES;
				CLANG_WARN_OBJC_LITERAL_CONVERSION = YES;
				CLANG_WARN_OBJC_ROOT_CLASS = YES_ERROR;
				CLANG_WARN_RANGE_LOOP_ANALYSIS = YES;
				CLANG_WARN_STRICT_PROTOTYPES = YES;
				CLANG_WARN_SUSPICIOUS_MOVE = YES;
				CLANG_WARN_UNGUARDED_AVAILABILITY = YES_AGGRESSIVE;
				CLANG_WARN_UNREACHABLE_CODE = YES;
				CLANG_WARN__DUPLICATE_METHOD_MATCH = YES;
				CODE_SIGN_IDENTITY = "iPhone Developer";
				COPY_PHASE_STRIP = NO;
				DEBUG_INFORMATION_FORMAT = dwarf;
				ENABLE_STRICT_OBJC_MSGSEND = YES;
				ENABLE_TESTABILITY = YES;
				GCC_C_LANGUAGE_STANDARD = gnu11;
				GCC_DYNAMIC_NO_PIC = NO;
				GCC_NO_COMMON_BLOCKS = YES;
				GCC_OPTIMIZATION_LEVEL = 0;
				GCC_PREPROCESSOR_DEFINITIONS = (
					"DEBUG=1",
					"$(inherited)",
				);
				GCC_WARN_64_TO_32_BIT_CONVERSION = YES;
				GCC_WARN_ABOUT_RETURN_TYPE = YES_ERROR;
				GCC_WARN_UNDECLARED_SELECTOR = YES;
				GCC_WARN_UNINITIALIZED_AUTOS = YES_AGGRESSIVE;
				GCC_WARN_UNUSED_FUNCTION = YES;
				GCC_WARN_UNUSED_VARIABLE = YES;
				IPHONEOS_DEPLOYMENT_TARGET = 10.3;
				MTL_ENABLE_DEBUG_INFO = YES;
				ONLY_ACTIVE_ARCH = YES;
				SDKROOT = iphoneos;
				SWIFT_ACTIVE_COMPILATION_CONDITIONS = DEBUG;
				SWIFT_OPTIMIZATION_LEVEL = "-Onone";
			};
			name = Debug;
		};
		07AEE9291F3C42C300D20151 /* Release */ = {
			isa = XCBuildConfiguration;
			buildSettings = {
				ALWAYS_SEARCH_USER_PATHS = NO;
				CLANG_ANALYZER_NONNULL = YES;
				CLANG_ANALYZER_NUMBER_OBJECT_CONVERSION = YES_AGGRESSIVE;
				CLANG_CXX_LANGUAGE_STANDARD = "gnu++14";
				CLANG_CXX_LIBRARY = "libc++";
				CLANG_ENABLE_MODULES = YES;
				CLANG_ENABLE_OBJC_ARC = YES;
				CLANG_WARN_BLOCK_CAPTURE_AUTORELEASING = YES;
				CLANG_WARN_BOOL_CONVERSION = YES;
				CLANG_WARN_COMMA = YES;
				CLANG_WARN_CONSTANT_CONVERSION = YES;
				CLANG_WARN_DIRECT_OBJC_ISA_USAGE = YES_ERROR;
				CLANG_WARN_DOCUMENTATION_COMMENTS = YES;
				CLANG_WARN_EMPTY_BODY = YES;
				CLANG_WARN_ENUM_CONVERSION = YES;
				CLANG_WARN_INFINITE_RECURSION = YES;
				CLANG_WARN_INT_CONVERSION = YES;
				CLANG_WARN_NON_LITERAL_NULL_CONVERSION = YES;
				CLANG_WARN_OBJC_LITERAL_CONVERSION = YES;
				CLANG_WARN_OBJC_ROOT_CLASS = YES_ERROR;
				CLANG_WARN_RANGE_LOOP_ANALYSIS = YES;
				CLANG_WARN_STRICT_PROTOTYPES = YES;
				CLANG_WARN_SUSPICIOUS_MOVE = YES;
				CLANG_WARN_UNGUARDED_AVAILABILITY = YES_AGGRESSIVE;
				CLANG_WARN_UNREACHABLE_CODE = YES;
				CLANG_WARN__DUPLICATE_METHOD_MATCH = YES;
				CODE_SIGN_IDENTITY = "iPhone Developer";
				COPY_PHASE_STRIP = NO;
				DEBUG_INFORMATION_FORMAT = "dwarf-with-dsym";
				ENABLE_NS_ASSERTIONS = NO;
				ENABLE_STRICT_OBJC_MSGSEND = YES;
				GCC_C_LANGUAGE_STANDARD = gnu11;
				GCC_NO_COMMON_BLOCKS = YES;
				GCC_WARN_64_TO_32_BIT_CONVERSION = YES;
				GCC_WARN_ABOUT_RETURN_TYPE = YES_ERROR;
				GCC_WARN_UNDECLARED_SELECTOR = YES;
				GCC_WARN_UNINITIALIZED_AUTOS = YES_AGGRESSIVE;
				GCC_WARN_UNUSED_FUNCTION = YES;
				GCC_WARN_UNUSED_VARIABLE = YES;
				IPHONEOS_DEPLOYMENT_TARGET = 10.3;
				MTL_ENABLE_DEBUG_INFO = NO;
				SDKROOT = iphoneos;
				SWIFT_OPTIMIZATION_LEVEL = "-Owholemodule";
				VALIDATE_PRODUCT = YES;
			};
			name = Release;
		};
		07AEE92B1F3C42C300D20151 /* Debug */ = {
			isa = XCBuildConfiguration;
			baseConfigurationReference = 314969725ABD038B2CCF0EAE /* Pods-CanYou.debug.xcconfig */;
			buildSettings = {
				ASSETCATALOG_COMPILER_APPICON_NAME = AppIcon;
				DEVELOPMENT_TEAM = RD94QKXJBK;
				INFOPLIST_FILE = CanYou/Info.plist;
				IPHONEOS_DEPLOYMENT_TARGET = 10.3;
				LD_RUNPATH_SEARCH_PATHS = "$(inherited) @executable_path/Frameworks";
				PRODUCT_BUNDLE_IDENTIFIER = com.Eric.Park.CanYou;
				PRODUCT_NAME = "$(TARGET_NAME)";
				SWIFT_VERSION = 4.0;
				TARGETED_DEVICE_FAMILY = "1,2";
			};
			name = Debug;
		};
		07AEE92C1F3C42C300D20151 /* Release */ = {
			isa = XCBuildConfiguration;
			baseConfigurationReference = 0CF4F5D980388B138AD363A2 /* Pods-CanYou.release.xcconfig */;
			buildSettings = {
				ASSETCATALOG_COMPILER_APPICON_NAME = AppIcon;
				DEVELOPMENT_TEAM = RD94QKXJBK;
				INFOPLIST_FILE = CanYou/Info.plist;
				IPHONEOS_DEPLOYMENT_TARGET = 10.3;
				LD_RUNPATH_SEARCH_PATHS = "$(inherited) @executable_path/Frameworks";
				PRODUCT_BUNDLE_IDENTIFIER = com.Eric.Park.CanYou;
				PRODUCT_NAME = "$(TARGET_NAME)";
				SWIFT_VERSION = 4.0;
				TARGETED_DEVICE_FAMILY = "1,2";
			};
			name = Release;
		};
		07AEE92E1F3C42C300D20151 /* Debug */ = {
			isa = XCBuildConfiguration;
			baseConfigurationReference = 3B382BEF1EA30F19F7EA85B3 /* Pods-CanYouTests.debug.xcconfig */;
			buildSettings = {
				ALWAYS_EMBED_SWIFT_STANDARD_LIBRARIES = YES;
				BUNDLE_LOADER = "$(TEST_HOST)";
				DEVELOPMENT_TEAM = RD94QKXJBK;
				INFOPLIST_FILE = CanYouTests/Info.plist;
				LD_RUNPATH_SEARCH_PATHS = "$(inherited) @executable_path/Frameworks @loader_path/Frameworks";
				PRODUCT_BUNDLE_IDENTIFIER = com.Eric.Park.CanYouTests;
				PRODUCT_NAME = "$(TARGET_NAME)";
				SWIFT_VERSION = 4.0;
				TARGETED_DEVICE_FAMILY = "1,2";
				TEST_HOST = "$(BUILT_PRODUCTS_DIR)/CanYou.app/CanYou";
			};
			name = Debug;
		};
		07AEE92F1F3C42C300D20151 /* Release */ = {
			isa = XCBuildConfiguration;
			baseConfigurationReference = 3B566975E1254538347BAC5C /* Pods-CanYouTests.release.xcconfig */;
			buildSettings = {
				ALWAYS_EMBED_SWIFT_STANDARD_LIBRARIES = YES;
				BUNDLE_LOADER = "$(TEST_HOST)";
				DEVELOPMENT_TEAM = RD94QKXJBK;
				INFOPLIST_FILE = CanYouTests/Info.plist;
				LD_RUNPATH_SEARCH_PATHS = "$(inherited) @executable_path/Frameworks @loader_path/Frameworks";
				PRODUCT_BUNDLE_IDENTIFIER = com.Eric.Park.CanYouTests;
				PRODUCT_NAME = "$(TARGET_NAME)";
				SWIFT_VERSION = 4.0;
				TARGETED_DEVICE_FAMILY = "1,2";
				TEST_HOST = "$(BUILT_PRODUCTS_DIR)/CanYou.app/CanYou";
			};
			name = Release;
		};
		07AEE9311F3C42C300D20151 /* Debug */ = {
			isa = XCBuildConfiguration;
			baseConfigurationReference = 5471B3C809B0FF480CC38D51 /* Pods-CanYouUITests.debug.xcconfig */;
			buildSettings = {
				ALWAYS_EMBED_SWIFT_STANDARD_LIBRARIES = YES;
				DEVELOPMENT_TEAM = RD94QKXJBK;
				INFOPLIST_FILE = CanYouUITests/Info.plist;
				LD_RUNPATH_SEARCH_PATHS = "$(inherited) @executable_path/Frameworks @loader_path/Frameworks";
				PRODUCT_BUNDLE_IDENTIFIER = com.Eric.Park.CanYouUITests;
				PRODUCT_NAME = "$(TARGET_NAME)";
				SWIFT_VERSION = 4.0;
				TARGETED_DEVICE_FAMILY = "1,2";
				TEST_TARGET_NAME = CanYou;
			};
			name = Debug;
		};
		07AEE9321F3C42C300D20151 /* Release */ = {
			isa = XCBuildConfiguration;
			baseConfigurationReference = 62E64C404BC64A87BB6D734A /* Pods-CanYouUITests.release.xcconfig */;
			buildSettings = {
				ALWAYS_EMBED_SWIFT_STANDARD_LIBRARIES = YES;
				DEVELOPMENT_TEAM = RD94QKXJBK;
				INFOPLIST_FILE = CanYouUITests/Info.plist;
				LD_RUNPATH_SEARCH_PATHS = "$(inherited) @executable_path/Frameworks @loader_path/Frameworks";
				PRODUCT_BUNDLE_IDENTIFIER = com.Eric.Park.CanYouUITests;
				PRODUCT_NAME = "$(TARGET_NAME)";
				SWIFT_VERSION = 4.0;
				TARGETED_DEVICE_FAMILY = "1,2";
				TEST_TARGET_NAME = CanYou;
			};
			name = Release;
		};
/* End XCBuildConfiguration section */

/* Begin XCConfigurationList section */
		077E8EEC1F4562560057DDC3 /* Build configuration list for PBXNativeTarget "CanYouWatch Extension" */ = {
			isa = XCConfigurationList;
			buildConfigurations = (
				077E8EEA1F4562560057DDC3 /* Debug */,
				077E8EEB1F4562560057DDC3 /* Release */,
			);
			defaultConfigurationIsVisible = 0;
			defaultConfigurationName = Release;
		};
		077E8EEE1F4562560057DDC3 /* Build configuration list for PBXNativeTarget "CanYouWatch" */ = {
			isa = XCConfigurationList;
			buildConfigurations = (
				077E8EE81F4562560057DDC3 /* Debug */,
				077E8EE91F4562560057DDC3 /* Release */,
			);
			defaultConfigurationIsVisible = 0;
			defaultConfigurationName = Release;
		};
		07AEE8FA1F3C42C300D20151 /* Build configuration list for PBXProject "CanYou" */ = {
			isa = XCConfigurationList;
			buildConfigurations = (
				07AEE9281F3C42C300D20151 /* Debug */,
				07AEE9291F3C42C300D20151 /* Release */,
			);
			defaultConfigurationIsVisible = 0;
			defaultConfigurationName = Release;
		};
		07AEE92A1F3C42C300D20151 /* Build configuration list for PBXNativeTarget "CanYou" */ = {
			isa = XCConfigurationList;
			buildConfigurations = (
				07AEE92B1F3C42C300D20151 /* Debug */,
				07AEE92C1F3C42C300D20151 /* Release */,
			);
			defaultConfigurationIsVisible = 0;
			defaultConfigurationName = Release;
		};
		07AEE92D1F3C42C300D20151 /* Build configuration list for PBXNativeTarget "CanYouTests" */ = {
			isa = XCConfigurationList;
			buildConfigurations = (
				07AEE92E1F3C42C300D20151 /* Debug */,
				07AEE92F1F3C42C300D20151 /* Release */,
			);
			defaultConfigurationIsVisible = 0;
			defaultConfigurationName = Release;
		};
		07AEE9301F3C42C300D20151 /* Build configuration list for PBXNativeTarget "CanYouUITests" */ = {
			isa = XCConfigurationList;
			buildConfigurations = (
				07AEE9311F3C42C300D20151 /* Debug */,
				07AEE9321F3C42C300D20151 /* Release */,
			);
			defaultConfigurationIsVisible = 0;
			defaultConfigurationName = Release;
		};
/* End XCConfigurationList section */

/* Begin XCVersionGroup section */
		07AEE9091F3C42C300D20151 /* CanYou.xcdatamodeld */ = {
			isa = XCVersionGroup;
			children = (
				07AEE90A1F3C42C300D20151 /* CanYou.xcdatamodel */,
			);
			currentVersion = 07AEE90A1F3C42C300D20151 /* CanYou.xcdatamodel */;
			path = CanYou.xcdatamodeld;
			sourceTree = "<group>";
			versionGroupType = wrapper.xcdatamodel;
		};
/* End XCVersionGroup section */
	};
	rootObject = 07AEE8F71F3C42C200D20151 /* Project object */;
}
